// !$*UTF8*$!
{
	archiveVersion = 1;
	classes = {
	};
	objectVersion = 56;
	objects = {

/* Begin PBXBuildFile section */
		AF22F06B2974921D0097D36D /* DetailViewController.swift in Sources */ = {isa = PBXBuildFile; fileRef = AF22F06A2974921D0097D36D /* DetailViewController.swift */; };
		AF22F06D2975EC260097D36D /* DishData.swift in Sources */ = {isa = PBXBuildFile; fileRef = AF22F06C2975EC260097D36D /* DishData.swift */; };
		AF22F06F2975EFDD0097D36D /* DIshModel.swift in Sources */ = {isa = PBXBuildFile; fileRef = AF22F06E2975EFDD0097D36D /* DIshModel.swift */; };
		AF22F074298327DB0097D36D /* Realm in Frameworks */ = {isa = PBXBuildFile; productRef = AF22F073298327DB0097D36D /* Realm */; };
		AF22F076298327DB0097D36D /* RealmSwift in Frameworks */ = {isa = PBXBuildFile; productRef = AF22F075298327DB0097D36D /* RealmSwift */; };
		AF22F0782983290A0097D36D /* DishRealmModel.swift in Sources */ = {isa = PBXBuildFile; fileRef = AF22F0772983290A0097D36D /* DishRealmModel.swift */; };
		AF98A6B8295E184A00461E3D /* AppDelegate.swift in Sources */ = {isa = PBXBuildFile; fileRef = AF98A6B7295E184A00461E3D /* AppDelegate.swift */; };
		AF98A6BA295E184A00461E3D /* SceneDelegate.swift in Sources */ = {isa = PBXBuildFile; fileRef = AF98A6B9295E184A00461E3D /* SceneDelegate.swift */; };
		AF98A6BC295E184A00461E3D /* ViewController.swift in Sources */ = {isa = PBXBuildFile; fileRef = AF98A6BB295E184A00461E3D /* ViewController.swift */; };
		AF98A6BF295E184A00461E3D /* Main.storyboard in Resources */ = {isa = PBXBuildFile; fileRef = AF98A6BD295E184A00461E3D /* Main.storyboard */; };
		AF98A6C2295E184A00461E3D /* EatIdeasApp.xcdatamodeld in Sources */ = {isa = PBXBuildFile; fileRef = AF98A6C0295E184A00461E3D /* EatIdeasApp.xcdatamodeld */; };
		AF98A6C4295E184C00461E3D /* Assets.xcassets in Resources */ = {isa = PBXBuildFile; fileRef = AF98A6C3295E184C00461E3D /* Assets.xcassets */; };
		AF98A6C7295E184C00461E3D /* LaunchScreen.storyboard in Resources */ = {isa = PBXBuildFile; fileRef = AF98A6C5295E184C00461E3D /* LaunchScreen.storyboard */; };
		AF98A6D22961FE0E00461E3D /* RandomData.swift in Sources */ = {isa = PBXBuildFile; fileRef = AF98A6D12961FE0E00461E3D /* RandomData.swift */; };
		AF98A6D42962184500461E3D /* RandomManager.swift in Sources */ = {isa = PBXBuildFile; fileRef = AF98A6D32962184500461E3D /* RandomManager.swift */; };
		AF98A6D6296221A500461E3D /* RandomModel.swift in Sources */ = {isa = PBXBuildFile; fileRef = AF98A6D5296221A500461E3D /* RandomModel.swift */; };
		AFEAE8C9298C140200C7F311 /* SavedController.swift in Sources */ = {isa = PBXBuildFile; fileRef = AFEAE8C8298C140200C7F311 /* SavedController.swift */; };
/* End PBXBuildFile section */

/* Begin PBXFileReference section */
		AF22F06A2974921D0097D36D /* DetailViewController.swift */ = {isa = PBXFileReference; lastKnownFileType = sourcecode.swift; path = DetailViewController.swift; sourceTree = "<group>"; };
		AF22F06C2975EC260097D36D /* DishData.swift */ = {isa = PBXFileReference; lastKnownFileType = sourcecode.swift; path = DishData.swift; sourceTree = "<group>"; };
		AF22F06E2975EFDD0097D36D /* DIshModel.swift */ = {isa = PBXFileReference; lastKnownFileType = sourcecode.swift; path = DIshModel.swift; sourceTree = "<group>"; };
		AF22F0772983290A0097D36D /* DishRealmModel.swift */ = {isa = PBXFileReference; lastKnownFileType = sourcecode.swift; path = DishRealmModel.swift; sourceTree = "<group>"; };
		AF98A6B4295E184A00461E3D /* EatIdeasApp.app */ = {isa = PBXFileReference; explicitFileType = wrapper.application; includeInIndex = 0; path = EatIdeasApp.app; sourceTree = BUILT_PRODUCTS_DIR; };
		AF98A6B7295E184A00461E3D /* AppDelegate.swift */ = {isa = PBXFileReference; lastKnownFileType = sourcecode.swift; path = AppDelegate.swift; sourceTree = "<group>"; };
		AF98A6B9295E184A00461E3D /* SceneDelegate.swift */ = {isa = PBXFileReference; lastKnownFileType = sourcecode.swift; path = SceneDelegate.swift; sourceTree = "<group>"; };
		AF98A6BB295E184A00461E3D /* ViewController.swift */ = {isa = PBXFileReference; lastKnownFileType = sourcecode.swift; path = ViewController.swift; sourceTree = "<group>"; };
		AF98A6BE295E184A00461E3D /* Base */ = {isa = PBXFileReference; lastKnownFileType = file.storyboard; name = Base; path = Base.lproj/Main.storyboard; sourceTree = "<group>"; };
		AF98A6C1295E184A00461E3D /* EatIdeasApp.xcdatamodel */ = {isa = PBXFileReference; lastKnownFileType = wrapper.xcdatamodel; path = EatIdeasApp.xcdatamodel; sourceTree = "<group>"; };
		AF98A6C3295E184C00461E3D /* Assets.xcassets */ = {isa = PBXFileReference; lastKnownFileType = folder.assetcatalog; path = Assets.xcassets; sourceTree = "<group>"; };
		AF98A6C6295E184C00461E3D /* Base */ = {isa = PBXFileReference; lastKnownFileType = file.storyboard; name = Base; path = Base.lproj/LaunchScreen.storyboard; sourceTree = "<group>"; };
		AF98A6C8295E184C00461E3D /* Info.plist */ = {isa = PBXFileReference; lastKnownFileType = text.plist.xml; path = Info.plist; sourceTree = "<group>"; };
		AF98A6D12961FE0E00461E3D /* RandomData.swift */ = {isa = PBXFileReference; lastKnownFileType = sourcecode.swift; path = RandomData.swift; sourceTree = "<group>"; };
		AF98A6D32962184500461E3D /* RandomManager.swift */ = {isa = PBXFileReference; lastKnownFileType = sourcecode.swift; path = RandomManager.swift; sourceTree = "<group>"; };
		AF98A6D5296221A500461E3D /* RandomModel.swift */ = {isa = PBXFileReference; lastKnownFileType = sourcecode.swift; path = RandomModel.swift; sourceTree = "<group>"; };
		AFEAE8C8298C140200C7F311 /* SavedController.swift */ = {isa = PBXFileReference; lastKnownFileType = sourcecode.swift; path = SavedController.swift; sourceTree = "<group>"; };
/* End PBXFileReference section */

/* Begin PBXFrameworksBuildPhase section */
		AF98A6B1295E184A00461E3D /* Frameworks */ = {
			isa = PBXFrameworksBuildPhase;
			buildActionMask = 2147483647;
			files = (
				AF22F076298327DB0097D36D /* RealmSwift in Frameworks */,
				AF22F074298327DB0097D36D /* Realm in Frameworks */,
			);
			runOnlyForDeploymentPostprocessing = 0;
		};
/* End PBXFrameworksBuildPhase section */

/* Begin PBXGroup section */
		AF98A6AB295E184A00461E3D = {
			isa = PBXGroup;
			children = (
				AF98A6B6295E184A00461E3D /* EatIdeasApp */,
				AF98A6B5295E184A00461E3D /* Products */,
			);
			sourceTree = "<group>";
		};
		AF98A6B5295E184A00461E3D /* Products */ = {
			isa = PBXGroup;
			children = (
				AF98A6B4295E184A00461E3D /* EatIdeasApp.app */,
			);
			name = Products;
			sourceTree = "<group>";
		};
		AF98A6B6295E184A00461E3D /* EatIdeasApp */ = {
			isa = PBXGroup;
			children = (
				AF98A6CE295E278200461E3D /* Model */,
				AF98A6CF295E278A00461E3D /* View */,
				AF98A6D0295E278F00461E3D /* Controller */,
				AF98A6B7295E184A00461E3D /* AppDelegate.swift */,
				AF98A6B9295E184A00461E3D /* SceneDelegate.swift */,
				AF98A6C3295E184C00461E3D /* Assets.xcassets */,
				AF98A6C5295E184C00461E3D /* LaunchScreen.storyboard */,
				AF98A6C8295E184C00461E3D /* Info.plist */,
				AF98A6C0295E184A00461E3D /* EatIdeasApp.xcdatamodeld */,
			);
			path = EatIdeasApp;
			sourceTree = "<group>";
		};
		AF98A6CE295E278200461E3D /* Model */ = {
			isa = PBXGroup;
			children = (
				AF98A6D32962184500461E3D /* RandomManager.swift */,
				AF98A6D5296221A500461E3D /* RandomModel.swift */,
				AF98A6D12961FE0E00461E3D /* RandomData.swift */,
				AF22F06C2975EC260097D36D /* DishData.swift */,
				AF22F06E2975EFDD0097D36D /* DIshModel.swift */,
				AF22F0772983290A0097D36D /* DishRealmModel.swift */,
			);
			path = Model;
			sourceTree = "<group>";
		};
		AF98A6CF295E278A00461E3D /* View */ = {
			isa = PBXGroup;
			children = (
				AF98A6BD295E184A00461E3D /* Main.storyboard */,
			);
			path = View;
			sourceTree = "<group>";
		};
		AF98A6D0295E278F00461E3D /* Controller */ = {
			isa = PBXGroup;
			children = (
				AF98A6BB295E184A00461E3D /* ViewController.swift */,
				AF22F06A2974921D0097D36D /* DetailViewController.swift */,
				AFEAE8C8298C140200C7F311 /* SavedController.swift */,
			);
			path = Controller;
			sourceTree = "<group>";
		};
/* End PBXGroup section */

/* Begin PBXNativeTarget section */
		AF98A6B3295E184A00461E3D /* EatIdeasApp */ = {
			isa = PBXNativeTarget;
			buildConfigurationList = AF98A6CB295E184C00461E3D /* Build configuration list for PBXNativeTarget "EatIdeasApp" */;
			buildPhases = (
				AF98A6B0295E184A00461E3D /* Sources */,
				AF98A6B1295E184A00461E3D /* Frameworks */,
				AF98A6B2295E184A00461E3D /* Resources */,
			);
			buildRules = (
			);
			dependencies = (
			);
			name = EatIdeasApp;
			packageProductDependencies = (
				AF22F073298327DB0097D36D /* Realm */,
				AF22F075298327DB0097D36D /* RealmSwift */,
			);
			productName = EatIdeasApp;
			productReference = AF98A6B4295E184A00461E3D /* EatIdeasApp.app */;
			productType = "com.apple.product-type.application";
		};
/* End PBXNativeTarget section */

/* Begin PBXProject section */
		AF98A6AC295E184A00461E3D /* Project object */ = {
			isa = PBXProject;
			attributes = {
				BuildIndependentTargetsInParallel = 1;
				LastSwiftUpdateCheck = 1410;
				LastUpgradeCheck = 1410;
				TargetAttributes = {
					AF98A6B3295E184A00461E3D = {
						CreatedOnToolsVersion = 14.1;
					};
				};
			};
			buildConfigurationList = AF98A6AF295E184A00461E3D /* Build configuration list for PBXProject "EatIdeasApp" */;
			compatibilityVersion = "Xcode 14.0";
			developmentRegion = en;
			hasScannedForEncodings = 0;
			knownRegions = (
				en,
				Base,
			);
			mainGroup = AF98A6AB295E184A00461E3D;
			packageReferences = (
				AF22F072298327DA0097D36D /* XCRemoteSwiftPackageReference "realm-swift" */,
			);
			productRefGroup = AF98A6B5295E184A00461E3D /* Products */;
			projectDirPath = "";
			projectRoot = "";
			targets = (
				AF98A6B3295E184A00461E3D /* EatIdeasApp */,
			);
		};
/* End PBXProject section */

/* Begin PBXResourcesBuildPhase section */
		AF98A6B2295E184A00461E3D /* Resources */ = {
			isa = PBXResourcesBuildPhase;
			buildActionMask = 2147483647;
			files = (
				AF98A6C7295E184C00461E3D /* LaunchScreen.storyboard in Resources */,
				AF98A6C4295E184C00461E3D /* Assets.xcassets in Resources */,
				AF98A6BF295E184A00461E3D /* Main.storyboard in Resources */,
			);
			runOnlyForDeploymentPostprocessing = 0;
		};
/* End PBXResourcesBuildPhase section */

/* Begin PBXSourcesBuildPhase section */
		AF98A6B0295E184A00461E3D /* Sources */ = {
			isa = PBXSourcesBuildPhase;
			buildActionMask = 2147483647;
			files = (
				AF98A6D42962184500461E3D /* RandomManager.swift in Sources */,
				AF98A6BC295E184A00461E3D /* ViewController.swift in Sources */,
				AF98A6D6296221A500461E3D /* RandomModel.swift in Sources */,
				AF98A6D22961FE0E00461E3D /* RandomData.swift in Sources */,
				AF98A6C2295E184A00461E3D /* EatIdeasApp.xcdatamodeld in Sources */,
				AF22F06D2975EC260097D36D /* DishData.swift in Sources */,
				AF98A6B8295E184A00461E3D /* AppDelegate.swift in Sources */,
				AF22F06F2975EFDD0097D36D /* DIshModel.swift in Sources */,
				AF22F0782983290A0097D36D /* DishRealmModel.swift in Sources */,
				AF98A6BA295E184A00461E3D /* SceneDelegate.swift in Sources */,
				AF22F06B2974921D0097D36D /* DetailViewController.swift in Sources */,
				AFEAE8C9298C140200C7F311 /* SavedController.swift in Sources */,
			);
			runOnlyForDeploymentPostprocessing = 0;
		};
/* End PBXSourcesBuildPhase section */

/* Begin PBXVariantGroup section */
		AF98A6BD295E184A00461E3D /* Main.storyboard */ = {
			isa = PBXVariantGroup;
			children = (
				AF98A6BE295E184A00461E3D /* Base */,
			);
			name = Main.storyboard;
			sourceTree = "<group>";
			usesTabs = 0;
		};
		AF98A6C5295E184C00461E3D /* LaunchScreen.storyboard */ = {
			isa = PBXVariantGroup;
			children = (
				AF98A6C6295E184C00461E3D /* Base */,
			);
			name = LaunchScreen.storyboard;
			sourceTree = "<group>";
		};
/* End PBXVariantGroup section */

/* Begin XCBuildConfiguration section */
		AF98A6C9295E184C00461E3D /* Debug */ = {
			isa = XCBuildConfiguration;
			buildSettings = {
				ALWAYS_SEARCH_USER_PATHS = NO;
				CLANG_ANALYZER_NONNULL = YES;
				CLANG_ANALYZER_NUMBER_OBJECT_CONVERSION = YES_AGGRESSIVE;
				CLANG_CXX_LANGUAGE_STANDARD = "gnu++20";
				CLANG_ENABLE_MODULES = YES;
				CLANG_ENABLE_OBJC_ARC = YES;
				CLANG_ENABLE_OBJC_WEAK = YES;
				CLANG_WARN_BLOCK_CAPTURE_AUTORELEASING = YES;
				CLANG_WARN_BOOL_CONVERSION = YES;
				CLANG_WARN_COMMA = YES;
				CLANG_WARN_CONSTANT_CONVERSION = YES;
				CLANG_WARN_DEPRECATED_OBJC_IMPLEMENTATIONS = YES;
				CLANG_WARN_DIRECT_OBJC_ISA_USAGE = YES_ERROR;
				CLANG_WARN_DOCUMENTATION_COMMENTS = YES;
				CLANG_WARN_EMPTY_BODY = YES;
				CLANG_WARN_ENUM_CONVERSION = YES;
				CLANG_WARN_INFINITE_RECURSION = YES;
				CLANG_WARN_INT_CONVERSION = YES;
				CLANG_WARN_NON_LITERAL_NULL_CONVERSION = YES;
				CLANG_WARN_OBJC_IMPLICIT_RETAIN_SELF = YES;
				CLANG_WARN_OBJC_LITERAL_CONVERSION = YES;
				CLANG_WARN_OBJC_ROOT_CLASS = YES_ERROR;
				CLANG_WARN_QUOTED_INCLUDE_IN_FRAMEWORK_HEADER = YES;
				CLANG_WARN_RANGE_LOOP_ANALYSIS = YES;
				CLANG_WARN_STRICT_PROTOTYPES = YES;
				CLANG_WARN_SUSPICIOUS_MOVE = YES;
				CLANG_WARN_UNGUARDED_AVAILABILITY = YES_AGGRESSIVE;
				CLANG_WARN_UNREACHABLE_CODE = YES;
				CLANG_WARN__DUPLICATE_METHOD_MATCH = YES;
				COPY_PHASE_STRIP = NO;
				DEBUG_INFORMATION_FORMAT = dwarf;
				ENABLE_STRICT_OBJC_MSGSEND = YES;
				ENABLE_TESTABILITY = YES;
				GCC_C_LANGUAGE_STANDARD = gnu11;
				GCC_DYNAMIC_NO_PIC = NO;
				GCC_NO_COMMON_BLOCKS = YES;
				GCC_OPTIMIZATION_LEVEL = 0;
				GCC_PREPROCESSOR_DEFINITIONS = (
					"DEBUG=1",
					"$(inherited)",
				);
				GCC_WARN_64_TO_32_BIT_CONVERSION = YES;
				GCC_WARN_ABOUT_RETURN_TYPE = YES_ERROR;
				GCC_WARN_UNDECLARED_SELECTOR = YES;
				GCC_WARN_UNINITIALIZED_AUTOS = YES_AGGRESSIVE;
				GCC_WARN_UNUSED_FUNCTION = YES;
				GCC_WARN_UNUSED_VARIABLE = YES;
				IPHONEOS_DEPLOYMENT_TARGET = 16.1;
				MTL_ENABLE_DEBUG_INFO = INCLUDE_SOURCE;
				MTL_FAST_MATH = YES;
				ONLY_ACTIVE_ARCH = YES;
				SDKROOT = iphoneos;
				SWIFT_ACTIVE_COMPILATION_CONDITIONS = DEBUG;
				SWIFT_OPTIMIZATION_LEVEL = "-Onone";
			};
			name = Debug;
		};
		AF98A6CA295E184C00461E3D /* Release */ = {
			isa = XCBuildConfiguration;
			buildSettings = {
				ALWAYS_SEARCH_USER_PATHS = NO;
				CLANG_ANALYZER_NONNULL = YES;
				CLANG_ANALYZER_NUMBER_OBJECT_CONVERSION = YES_AGGRESSIVE;
				CLANG_CXX_LANGUAGE_STANDARD = "gnu++20";
				CLANG_ENABLE_MODULES = YES;
				CLANG_ENABLE_OBJC_ARC = YES;
				CLANG_ENABLE_OBJC_WEAK = YES;
				CLANG_WARN_BLOCK_CAPTURE_AUTORELEASING = YES;
				CLANG_WARN_BOOL_CONVERSION = YES;
				CLANG_WARN_COMMA = YES;
				CLANG_WARN_CONSTANT_CONVERSION = YES;
				CLANG_WARN_DEPRECATED_OBJC_IMPLEMENTATIONS = YES;
				CLANG_WARN_DIRECT_OBJC_ISA_USAGE = YES_ERROR;
				CLANG_WARN_DOCUMENTATION_COMMENTS = YES;
				CLANG_WARN_EMPTY_BODY = YES;
				CLANG_WARN_ENUM_CONVERSION = YES;
				CLANG_WARN_INFINITE_RECURSION = YES;
				CLANG_WARN_INT_CONVERSION = YES;
				CLANG_WARN_NON_LITERAL_NULL_CONVERSION = YES;
				CLANG_WARN_OBJC_IMPLICIT_RETAIN_SELF = YES;
				CLANG_WARN_OBJC_LITERAL_CONVERSION = YES;
				CLANG_WARN_OBJC_ROOT_CLASS = YES_ERROR;
				CLANG_WARN_QUOTED_INCLUDE_IN_FRAMEWORK_HEADER = YES;
				CLANG_WARN_RANGE_LOOP_ANALYSIS = YES;
				CLANG_WARN_STRICT_PROTOTYPES = YES;
				CLANG_WARN_SUSPICIOUS_MOVE = YES;
				CLANG_WARN_UNGUARDED_AVAILABILITY = YES_AGGRESSIVE;
				CLANG_WARN_UNREACHABLE_CODE = YES;
				CLANG_WARN__DUPLICATE_METHOD_MATCH = YES;
				COPY_PHASE_STRIP = NO;
				DEBUG_INFORMATION_FORMAT = "dwarf-with-dsym";
				ENABLE_NS_ASSERTIONS = NO;
				ENABLE_STRICT_OBJC_MSGSEND = YES;
				GCC_C_LANGUAGE_STANDARD = gnu11;
				GCC_NO_COMMON_BLOCKS = YES;
				GCC_WARN_64_TO_32_BIT_CONVERSION = YES;
				GCC_WARN_ABOUT_RETURN_TYPE = YES_ERROR;
				GCC_WARN_UNDECLARED_SELECTOR = YES;
				GCC_WARN_UNINITIALIZED_AUTOS = YES_AGGRESSIVE;
				GCC_WARN_UNUSED_FUNCTION = YES;
				GCC_WARN_UNUSED_VARIABLE = YES;
				IPHONEOS_DEPLOYMENT_TARGET = 16.1;
				MTL_ENABLE_DEBUG_INFO = NO;
				MTL_FAST_MATH = YES;
				SDKROOT = iphoneos;
				SWIFT_COMPILATION_MODE = wholemodule;
				SWIFT_OPTIMIZATION_LEVEL = "-O";
				VALIDATE_PRODUCT = YES;
			};
			name = Release;
		};
		AF98A6CC295E184C00461E3D /* Debug */ = {
			isa = XCBuildConfiguration;
			buildSettings = {
				ASSETCATALOG_COMPILER_APPICON_NAME = AppIcon;
				ASSETCATALOG_COMPILER_GLOBAL_ACCENT_COLOR_NAME = AccentColor;
				CODE_SIGN_STYLE = Automatic;
				CURRENT_PROJECT_VERSION = 1;
				DEVELOPMENT_TEAM = UNB5M72KA3;
				GENERATE_INFOPLIST_FILE = YES;
				INFOPLIST_FILE = EatIdeasApp/Info.plist;
				INFOPLIST_KEY_UIApplicationSupportsIndirectInputEvents = YES;
				INFOPLIST_KEY_UILaunchStoryboardName = LaunchScreen;
				INFOPLIST_KEY_UIMainStoryboardFile = Main;
				INFOPLIST_KEY_UISupportedInterfaceOrientations_iPad = "UIInterfaceOrientationPortrait UIInterfaceOrientationPortraitUpsideDown UIInterfaceOrientationLandscapeLeft UIInterfaceOrientationLandscapeRight";
				INFOPLIST_KEY_UISupportedInterfaceOrientations_iPhone = "UIInterfaceOrientationPortrait UIInterfaceOrientationLandscapeLeft UIInterfaceOrientationLandscapeRight";
				LD_RUNPATH_SEARCH_PATHS = (
					"$(inherited)",
					"@executable_path/Frameworks",
				);
				MARKETING_VERSION = 1.0;
				PRODUCT_BUNDLE_IDENTIFIER = com.krystiankonieczko.EatIdeasApp;
				PRODUCT_NAME = "$(TARGET_NAME)";
				SWIFT_EMIT_LOC_STRINGS = YES;
				SWIFT_VERSION = 5.0;
				TARGETED_DEVICE_FAMILY = "1,2";
			};
			name = Debug;
		};
		AF98A6CD295E184C00461E3D /* Release */ = {
			isa = XCBuildConfiguration;
			buildSettings = {
				ASSETCATALOG_COMPILER_APPICON_NAME = AppIcon;
				ASSETCATALOG_COMPILER_GLOBAL_ACCENT_COLOR_NAME = AccentColor;
				CODE_SIGN_STYLE = Automatic;
				CURRENT_PROJECT_VERSION = 1;
				DEVELOPMENT_TEAM = UNB5M72KA3;
				GENERATE_INFOPLIST_FILE = YES;
				INFOPLIST_FILE = EatIdeasApp/Info.plist;
				INFOPLIST_KEY_UIApplicationSupportsIndirectInputEvents = YES;
				INFOPLIST_KEY_UILaunchStoryboardName = LaunchScreen;
				INFOPLIST_KEY_UIMainStoryboardFile = Main;
				INFOPLIST_KEY_UISupportedInterfaceOrientations_iPad = "UIInterfaceOrientationPortrait UIInterfaceOrientationPortraitUpsideDown UIInterfaceOrientationLandscapeLeft UIInterfaceOrientationLandscapeRight";
				INFOPLIST_KEY_UISupportedInterfaceOrientations_iPhone = "UIInterfaceOrientationPortrait UIInterfaceOrientationLandscapeLeft UIInterfaceOrientationLandscapeRight";
				LD_RUNPATH_SEARCH_PATHS = (
					"$(inherited)",
					"@executable_path/Frameworks",
				);
				MARKETING_VERSION = 1.0;
				PRODUCT_BUNDLE_IDENTIFIER = com.krystiankonieczko.EatIdeasApp;
				PRODUCT_NAME = "$(TARGET_NAME)";
				SWIFT_EMIT_LOC_STRINGS = YES;
				SWIFT_VERSION = 5.0;
				TARGETED_DEVICE_FAMILY = "1,2";
			};
			name = Release;
		};
/* End XCBuildConfiguration section */

/* Begin XCConfigurationList section */
		AF98A6AF295E184A00461E3D /* Build configuration list for PBXProject "EatIdeasApp" */ = {
			isa = XCConfigurationList;
			buildConfigurations = (
				AF98A6C9295E184C00461E3D /* Debug */,
				AF98A6CA295E184C00461E3D /* Release */,
			);
			defaultConfigurationIsVisible = 0;
			defaultConfigurationName = Release;
		};
		AF98A6CB295E184C00461E3D /* Build configuration list for PBXNativeTarget "EatIdeasApp" */ = {
			isa = XCConfigurationList;
			buildConfigurations = (
				AF98A6CC295E184C00461E3D /* Debug */,
				AF98A6CD295E184C00461E3D /* Release */,
			);
			defaultConfigurationIsVisible = 0;
			defaultConfigurationName = Release;
		};
/* End XCConfigurationList section */

/* Begin XCRemoteSwiftPackageReference section */
		AF22F072298327DA0097D36D /* XCRemoteSwiftPackageReference "realm-swift" */ = {
			isa = XCRemoteSwiftPackageReference;
			repositoryURL = "https://github.com/realm/realm-swift.git";
			requirement = {
				kind = upToNextMajorVersion;
				minimumVersion = 10.34.1;
			};
		};
/* End XCRemoteSwiftPackageReference section */

/* Begin XCSwiftPackageProductDependency section */
		AF22F073298327DB0097D36D /* Realm */ = {
			isa = XCSwiftPackageProductDependency;
			package = AF22F072298327DA0097D36D /* XCRemoteSwiftPackageReference "realm-swift" */;
			productName = Realm;
		};
		AF22F075298327DB0097D36D /* RealmSwift */ = {
			isa = XCSwiftPackageProductDependency;
			package = AF22F072298327DA0097D36D /* XCRemoteSwiftPackageReference "realm-swift" */;
			productName = RealmSwift;
		};
/* End XCSwiftPackageProductDependency section */

/* Begin XCVersionGroup section */
		AF98A6C0295E184A00461E3D /* EatIdeasApp.xcdatamodeld */ = {
			isa = XCVersionGroup;
			children = (
				AF98A6C1295E184A00461E3D /* EatIdeasApp.xcdatamodel */,
			);
			currentVersion = AF98A6C1295E184A00461E3D /* EatIdeasApp.xcdatamodel */;
			path = EatIdeasApp.xcdatamodeld;
			sourceTree = "<group>";
			versionGroupType = wrapper.xcdatamodel;
		};
/* End XCVersionGroup section */
	};
	rootObject = AF98A6AC295E184A00461E3D /* Project object */;
}
