// !$*UTF8*$!
{
	archiveVersion = 1;
	classes = {
	};
	objectVersion = 56;
	objects = {

/* Begin PBXBuildFile section */
		3559B62F4E13C6CAAC13D9D2 /* Pods_EatIdeasApp.framework in Frameworks */ = {isa = PBXBuildFile; fileRef = A66625278B51E838D5AAFB0A /* Pods_EatIdeasApp.framework */; };
		AF22F06B2974921D0097D36D /* DetailViewController.swift in Sources */ = {isa = PBXBuildFile; fileRef = AF22F06A2974921D0097D36D /* DetailViewController.swift */; };
		AF22F06D2975EC260097D36D /* DishData.swift in Sources */ = {isa = PBXBuildFile; fileRef = AF22F06C2975EC260097D36D /* DishData.swift */; };
		AF22F06F2975EFDD0097D36D /* DIshModel.swift in Sources */ = {isa = PBXBuildFile; fileRef = AF22F06E2975EFDD0097D36D /* DIshModel.swift */; };
		AF22F0782983290A0097D36D /* DishRealmModel.swift in Sources */ = {isa = PBXBuildFile; fileRef = AF22F0772983290A0097D36D /* DishRealmModel.swift */; };
		AF836FA029ABC0ED000AA306 /* SplashScreenViewController.swift in Sources */ = {isa = PBXBuildFile; fileRef = AF836F9F29ABC0ED000AA306 /* SplashScreenViewController.swift */; };
		AF836FA229ABC114000AA306 /* BottomCardSegue.swift in Sources */ = {isa = PBXBuildFile; fileRef = AF836FA129ABC114000AA306 /* BottomCardSegue.swift */; };
		AF836FA529ABC184000AA306 /* chrup 2.wav in Resources */ = {isa = PBXBuildFile; fileRef = AF836FA329ABC184000AA306 /* chrup 2.wav */; };
		AF836FA629ABC184000AA306 /* chrup 1.wav in Resources */ = {isa = PBXBuildFile; fileRef = AF836FA429ABC184000AA306 /* chrup 1.wav */; };
		AF98A6B8295E184A00461E3D /* AppDelegate.swift in Sources */ = {isa = PBXBuildFile; fileRef = AF98A6B7295E184A00461E3D /* AppDelegate.swift */; };
		AF98A6BA295E184A00461E3D /* SceneDelegate.swift in Sources */ = {isa = PBXBuildFile; fileRef = AF98A6B9295E184A00461E3D /* SceneDelegate.swift */; };
		AF98A6BC295E184A00461E3D /* HomeViewController.swift in Sources */ = {isa = PBXBuildFile; fileRef = AF98A6BB295E184A00461E3D /* HomeViewController.swift */; };
		AF98A6BF295E184A00461E3D /* Main.storyboard in Resources */ = {isa = PBXBuildFile; fileRef = AF98A6BD295E184A00461E3D /* Main.storyboard */; };
		AF98A6C2295E184A00461E3D /* EatIdeasApp.xcdatamodeld in Sources */ = {isa = PBXBuildFile; fileRef = AF98A6C0295E184A00461E3D /* EatIdeasApp.xcdatamodeld */; };
		AF98A6C4295E184C00461E3D /* Assets.xcassets in Resources */ = {isa = PBXBuildFile; fileRef = AF98A6C3295E184C00461E3D /* Assets.xcassets */; };
		AF98A6C7295E184C00461E3D /* LaunchScreen.storyboard in Resources */ = {isa = PBXBuildFile; fileRef = AF98A6C5295E184C00461E3D /* LaunchScreen.storyboard */; };
		AF98A6D22961FE0E00461E3D /* RandomData.swift in Sources */ = {isa = PBXBuildFile; fileRef = AF98A6D12961FE0E00461E3D /* RandomData.swift */; };
		AF98A6D42962184500461E3D /* RandomManager.swift in Sources */ = {isa = PBXBuildFile; fileRef = AF98A6D32962184500461E3D /* RandomManager.swift */; };
		AF98A6D6296221A500461E3D /* RandomModel.swift in Sources */ = {isa = PBXBuildFile; fileRef = AF98A6D5296221A500461E3D /* RandomModel.swift */; };
		AFCA970D29C22ABD00176A63 /* DatabaseManager.swift in Sources */ = {isa = PBXBuildFile; fileRef = AFCA970C29C22ABD00176A63 /* DatabaseManager.swift */; };
		AFCB1D2D29C7AB49003EAAA4 /* RealmIngridients.swift in Sources */ = {isa = PBXBuildFile; fileRef = AFCB1D2C29C7AB49003EAAA4 /* RealmIngridients.swift */; };
		AFD75BA62995918800DEEEAD /* DishFromIngridientsData.swift in Sources */ = {isa = PBXBuildFile; fileRef = AFD75BA52995918800DEEEAD /* DishFromIngridientsData.swift */; };
		AFD75BA8299591E400DEEEAD /* DishFromIngridientsModel.swift in Sources */ = {isa = PBXBuildFile; fileRef = AFD75BA7299591E400DEEEAD /* DishFromIngridientsModel.swift */; };
		AFDD2E2D29B343D900E3DF23 /* TestTableViewCell.swift in Sources */ = {isa = PBXBuildFile; fileRef = AFDD2E2B29B343D900E3DF23 /* TestTableViewCell.swift */; };
		AFDD2E2E29B343D900E3DF23 /* TestTableViewCell.xib in Resources */ = {isa = PBXBuildFile; fileRef = AFDD2E2C29B343D900E3DF23 /* TestTableViewCell.xib */; };
		AFDD2E3029BD0DA800E3DF23 /* Constants.swift in Sources */ = {isa = PBXBuildFile; fileRef = AFDD2E2F29BD0DA800E3DF23 /* Constants.swift */; };
		AFDD2E3229BD1B6000E3DF23 /* CustomTabBarControllerViewController.swift in Sources */ = {isa = PBXBuildFile; fileRef = AFDD2E3129BD1B6000E3DF23 /* CustomTabBarControllerViewController.swift */; };
		AFDD2E3429BD557600E3DF23 /* DetailVC.swift in Sources */ = {isa = PBXBuildFile; fileRef = AFDD2E3329BD557600E3DF23 /* DetailVC.swift */; };
		AFEAA9EB29C8A8DC0027CEC5 /* Realm in Frameworks */ = {isa = PBXBuildFile; productRef = AFEAA9EA29C8A8DC0027CEC5 /* Realm */; };
		AFEAA9ED29C8A8DC0027CEC5 /* RealmSwift in Frameworks */ = {isa = PBXBuildFile; productRef = AFEAA9EC29C8A8DC0027CEC5 /* RealmSwift */; };
		AFEAE8C9298C140200C7F311 /* SavedViewController.swift in Sources */ = {isa = PBXBuildFile; fileRef = AFEAE8C8298C140200C7F311 /* SavedViewController.swift */; };
/* End PBXBuildFile section */

/* Begin PBXFileReference section */
		A66625278B51E838D5AAFB0A /* Pods_EatIdeasApp.framework */ = {isa = PBXFileReference; explicitFileType = wrapper.framework; includeInIndex = 0; path = Pods_EatIdeasApp.framework; sourceTree = BUILT_PRODUCTS_DIR; };
		AF22F06A2974921D0097D36D /* DetailViewController.swift */ = {isa = PBXFileReference; lastKnownFileType = sourcecode.swift; path = DetailViewController.swift; sourceTree = "<group>"; };
		AF22F06C2975EC260097D36D /* DishData.swift */ = {isa = PBXFileReference; lastKnownFileType = sourcecode.swift; path = DishData.swift; sourceTree = "<group>"; };
		AF22F06E2975EFDD0097D36D /* DIshModel.swift */ = {isa = PBXFileReference; lastKnownFileType = sourcecode.swift; path = DIshModel.swift; sourceTree = "<group>"; };
		AF22F0772983290A0097D36D /* DishRealmModel.swift */ = {isa = PBXFileReference; lastKnownFileType = sourcecode.swift; path = DishRealmModel.swift; sourceTree = "<group>"; };
		AF836F9F29ABC0ED000AA306 /* SplashScreenViewController.swift */ = {isa = PBXFileReference; lastKnownFileType = sourcecode.swift; path = SplashScreenViewController.swift; sourceTree = "<group>"; };
		AF836FA129ABC114000AA306 /* BottomCardSegue.swift */ = {isa = PBXFileReference; lastKnownFileType = sourcecode.swift; path = BottomCardSegue.swift; sourceTree = "<group>"; };
		AF836FA329ABC184000AA306 /* chrup 2.wav */ = {isa = PBXFileReference; lastKnownFileType = audio.wav; path = "chrup 2.wav"; sourceTree = "<group>"; };
		AF836FA429ABC184000AA306 /* chrup 1.wav */ = {isa = PBXFileReference; lastKnownFileType = audio.wav; path = "chrup 1.wav"; sourceTree = "<group>"; };
		AF98A6B4295E184A00461E3D /* EatIdeasApp.app */ = {isa = PBXFileReference; explicitFileType = wrapper.application; includeInIndex = 0; path = EatIdeasApp.app; sourceTree = BUILT_PRODUCTS_DIR; };
		AF98A6B7295E184A00461E3D /* AppDelegate.swift */ = {isa = PBXFileReference; lastKnownFileType = sourcecode.swift; path = AppDelegate.swift; sourceTree = "<group>"; };
		AF98A6B9295E184A00461E3D /* SceneDelegate.swift */ = {isa = PBXFileReference; lastKnownFileType = sourcecode.swift; path = SceneDelegate.swift; sourceTree = "<group>"; };
		AF98A6BB295E184A00461E3D /* HomeViewController.swift */ = {isa = PBXFileReference; lastKnownFileType = sourcecode.swift; path = HomeViewController.swift; sourceTree = "<group>"; };
		AF98A6BE295E184A00461E3D /* Base */ = {isa = PBXFileReference; lastKnownFileType = file.storyboard; name = Base; path = Base.lproj/Main.storyboard; sourceTree = "<group>"; };
		AF98A6C1295E184A00461E3D /* EatIdeasApp.xcdatamodel */ = {isa = PBXFileReference; lastKnownFileType = wrapper.xcdatamodel; path = EatIdeasApp.xcdatamodel; sourceTree = "<group>"; };
		AF98A6C3295E184C00461E3D /* Assets.xcassets */ = {isa = PBXFileReference; lastKnownFileType = folder.assetcatalog; path = Assets.xcassets; sourceTree = "<group>"; };
		AF98A6C6295E184C00461E3D /* Base */ = {isa = PBXFileReference; lastKnownFileType = file.storyboard; name = Base; path = Base.lproj/LaunchScreen.storyboard; sourceTree = "<group>"; };
		AF98A6C8295E184C00461E3D /* Info.plist */ = {isa = PBXFileReference; lastKnownFileType = text.plist.xml; path = Info.plist; sourceTree = "<group>"; };
		AF98A6D12961FE0E00461E3D /* RandomData.swift */ = {isa = PBXFileReference; lastKnownFileType = sourcecode.swift; path = RandomData.swift; sourceTree = "<group>"; };
		AF98A6D32962184500461E3D /* RandomManager.swift */ = {isa = PBXFileReference; lastKnownFileType = sourcecode.swift; path = RandomManager.swift; sourceTree = "<group>"; };
		AF98A6D5296221A500461E3D /* RandomModel.swift */ = {isa = PBXFileReference; lastKnownFileType = sourcecode.swift; path = RandomModel.swift; sourceTree = "<group>"; };
		AFCA970C29C22ABD00176A63 /* DatabaseManager.swift */ = {isa = PBXFileReference; lastKnownFileType = sourcecode.swift; path = DatabaseManager.swift; sourceTree = "<group>"; };
		AFCB1D2C29C7AB49003EAAA4 /* RealmIngridients.swift */ = {isa = PBXFileReference; lastKnownFileType = sourcecode.swift; path = RealmIngridients.swift; sourceTree = "<group>"; };
		AFD75BA52995918800DEEEAD /* DishFromIngridientsData.swift */ = {isa = PBXFileReference; lastKnownFileType = sourcecode.swift; path = DishFromIngridientsData.swift; sourceTree = "<group>"; };
		AFD75BA7299591E400DEEEAD /* DishFromIngridientsModel.swift */ = {isa = PBXFileReference; lastKnownFileType = sourcecode.swift; path = DishFromIngridientsModel.swift; sourceTree = "<group>"; };
		AFDD2E2B29B343D900E3DF23 /* TestTableViewCell.swift */ = {isa = PBXFileReference; fileEncoding = 4; lastKnownFileType = sourcecode.swift; path = TestTableViewCell.swift; sourceTree = "<group>"; };
		AFDD2E2C29B343D900E3DF23 /* TestTableViewCell.xib */ = {isa = PBXFileReference; fileEncoding = 4; lastKnownFileType = file.xib; path = TestTableViewCell.xib; sourceTree = "<group>"; };
		AFDD2E2F29BD0DA800E3DF23 /* Constants.swift */ = {isa = PBXFileReference; lastKnownFileType = sourcecode.swift; path = Constants.swift; sourceTree = "<group>"; };
		AFDD2E3129BD1B6000E3DF23 /* CustomTabBarControllerViewController.swift */ = {isa = PBXFileReference; lastKnownFileType = sourcecode.swift; path = CustomTabBarControllerViewController.swift; sourceTree = "<group>"; };
		AFDD2E3329BD557600E3DF23 /* DetailVC.swift */ = {isa = PBXFileReference; lastKnownFileType = sourcecode.swift; path = DetailVC.swift; sourceTree = "<group>"; };
		AFEAE8C8298C140200C7F311 /* SavedViewController.swift */ = {isa = PBXFileReference; lastKnownFileType = sourcecode.swift; path = SavedViewController.swift; sourceTree = "<group>"; };
		BBE29ACCEF89A965E41C38AF /* Pods-EatIdeasApp.debug.xcconfig */ = {isa = PBXFileReference; includeInIndex = 1; lastKnownFileType = text.xcconfig; name = "Pods-EatIdeasApp.debug.xcconfig"; path = "Target Support Files/Pods-EatIdeasApp/Pods-EatIdeasApp.debug.xcconfig"; sourceTree = "<group>"; };
		ED1A59DFDD7300B78AF46ABE /* Pods-EatIdeasApp.release.xcconfig */ = {isa = PBXFileReference; includeInIndex = 1; lastKnownFileType = text.xcconfig; name = "Pods-EatIdeasApp.release.xcconfig"; path = "Target Support Files/Pods-EatIdeasApp/Pods-EatIdeasApp.release.xcconfig"; sourceTree = "<group>"; };
/* End PBXFileReference section */

/* Begin PBXFrameworksBuildPhase section */
		AF98A6B1295E184A00461E3D /* Frameworks */ = {
			isa = PBXFrameworksBuildPhase;
			buildActionMask = 2147483647;
			files = (
				AFEAA9ED29C8A8DC0027CEC5 /* RealmSwift in Frameworks */,
				AFEAA9EB29C8A8DC0027CEC5 /* Realm in Frameworks */,
				3559B62F4E13C6CAAC13D9D2 /* Pods_EatIdeasApp.framework in Frameworks */,
			);
			runOnlyForDeploymentPostprocessing = 0;
		};
/* End PBXFrameworksBuildPhase section */

/* Begin PBXGroup section */
		10D9A369182E3E6E10EB2782 /* Frameworks */ = {
			isa = PBXGroup;
			children = (
				A66625278B51E838D5AAFB0A /* Pods_EatIdeasApp.framework */,
			);
			name = Frameworks;
			sourceTree = "<group>";
		};
		53040AFAD5E971FF1FB51BFC /* Pods */ = {
			isa = PBXGroup;
			children = (
				BBE29ACCEF89A965E41C38AF /* Pods-EatIdeasApp.debug.xcconfig */,
				ED1A59DFDD7300B78AF46ABE /* Pods-EatIdeasApp.release.xcconfig */,
			);
			path = Pods;
			sourceTree = "<group>";
		};
		AF98A6AB295E184A00461E3D = {
			isa = PBXGroup;
			children = (
				AF98A6B6295E184A00461E3D /* EatIdeasApp */,
				AF98A6B5295E184A00461E3D /* Products */,
				53040AFAD5E971FF1FB51BFC /* Pods */,
				10D9A369182E3E6E10EB2782 /* Frameworks */,
			);
			sourceTree = "<group>";
		};
		AF98A6B5295E184A00461E3D /* Products */ = {
			isa = PBXGroup;
			children = (
				AF98A6B4295E184A00461E3D /* EatIdeasApp.app */,
			);
			name = Products;
			sourceTree = "<group>";
		};
		AF98A6B6295E184A00461E3D /* EatIdeasApp */ = {
			isa = PBXGroup;
			children = (
				AF836FA429ABC184000AA306 /* chrup 1.wav */,
				AF836FA329ABC184000AA306 /* chrup 2.wav */,
				AF98A6CE295E278200461E3D /* Model */,
				AF98A6CF295E278A00461E3D /* View */,
				AF98A6D0295E278F00461E3D /* Controller */,
				AF98A6B7295E184A00461E3D /* AppDelegate.swift */,
				AF98A6B9295E184A00461E3D /* SceneDelegate.swift */,
				AF98A6C3295E184C00461E3D /* Assets.xcassets */,
				AF98A6C5295E184C00461E3D /* LaunchScreen.storyboard */,
				AF98A6C8295E184C00461E3D /* Info.plist */,
				AF98A6C0295E184A00461E3D /* EatIdeasApp.xcdatamodeld */,
				AF836FA129ABC114000AA306 /* BottomCardSegue.swift */,
				AFDD2E2F29BD0DA800E3DF23 /* Constants.swift */,
				AFCA970C29C22ABD00176A63 /* DatabaseManager.swift */,
			);
			path = EatIdeasApp;
			sourceTree = "<group>";
		};
		AF98A6CE295E278200461E3D /* Model */ = {
			isa = PBXGroup;
			children = (
				AF22F0772983290A0097D36D /* DishRealmModel.swift */,
				AFCB1D2C29C7AB49003EAAA4 /* RealmIngridients.swift */,
				AF98A6D32962184500461E3D /* RandomManager.swift */,
				AF98A6D12961FE0E00461E3D /* RandomData.swift */,
				AF98A6D5296221A500461E3D /* RandomModel.swift */,
				AF22F06C2975EC260097D36D /* DishData.swift */,
				AF22F06E2975EFDD0097D36D /* DIshModel.swift */,
				AFD75BA52995918800DEEEAD /* DishFromIngridientsData.swift */,
				AFD75BA7299591E400DEEEAD /* DishFromIngridientsModel.swift */,
			);
			path = Model;
			sourceTree = "<group>";
		};
		AF98A6CF295E278A00461E3D /* View */ = {
			isa = PBXGroup;
			children = (
				AFDD2E2B29B343D900E3DF23 /* TestTableViewCell.swift */,
				AFDD2E2C29B343D900E3DF23 /* TestTableViewCell.xib */,
				AF98A6BD295E184A00461E3D /* Main.storyboard */,
			);
			path = View;
			sourceTree = "<group>";
		};
		AF98A6D0295E278F00461E3D /* Controller */ = {
			isa = PBXGroup;
			children = (
				AFDD2E3129BD1B6000E3DF23 /* CustomTabBarControllerViewController.swift */,
				AF98A6BB295E184A00461E3D /* HomeViewController.swift */,
				AF22F06A2974921D0097D36D /* DetailViewController.swift */,
				AFEAE8C8298C140200C7F311 /* SavedViewController.swift */,
				AF836F9F29ABC0ED000AA306 /* SplashScreenViewController.swift */,
				AFDD2E3329BD557600E3DF23 /* DetailVC.swift */,
			);
			path = Controller;
			sourceTree = "<group>";
		};
/* End PBXGroup section */

/* Begin PBXNativeTarget section */
		AF98A6B3295E184A00461E3D /* EatIdeasApp */ = {
			isa = PBXNativeTarget;
			buildConfigurationList = AF98A6CB295E184C00461E3D /* Build configuration list for PBXNativeTarget "EatIdeasApp" */;
			buildPhases = (
				F812649C98EF0BF7A56B2D0B /* [CP] Check Pods Manifest.lock */,
				AF98A6B0295E184A00461E3D /* Sources */,
				AF98A6B1295E184A00461E3D /* Frameworks */,
				AF98A6B2295E184A00461E3D /* Resources */,
				F487D90335E55EB239F6C5DD /* [CP] Embed Pods Frameworks */,
			);
			buildRules = (
			);
			dependencies = (
			);
			name = EatIdeasApp;
			packageProductDependencies = (
				AFEAA9EA29C8A8DC0027CEC5 /* Realm */,
				AFEAA9EC29C8A8DC0027CEC5 /* RealmSwift */,
			);
			productName = EatIdeasApp;
			productReference = AF98A6B4295E184A00461E3D /* EatIdeasApp.app */;
			productType = "com.apple.product-type.application";
		};
/* End PBXNativeTarget section */

/* Begin PBXProject section */
		AF98A6AC295E184A00461E3D /* Project object */ = {
			isa = PBXProject;
			attributes = {
				BuildIndependentTargetsInParallel = 1;
				LastSwiftUpdateCheck = 1410;
				LastUpgradeCheck = 1410;
				TargetAttributes = {
					AF98A6B3295E184A00461E3D = {
						CreatedOnToolsVersion = 14.1;
					};
				};
			};
			buildConfigurationList = AF98A6AF295E184A00461E3D /* Build configuration list for PBXProject "EatIdeasApp" */;
			compatibilityVersion = "Xcode 14.0";
			developmentRegion = en;
			hasScannedForEncodings = 0;
			knownRegions = (
				en,
				Base,
			);
			mainGroup = AF98A6AB295E184A00461E3D;
			packageReferences = (
				AFEAA9E929C8A8DC0027CEC5 /* XCRemoteSwiftPackageReference "realm-swift" */,
			);
			productRefGroup = AF98A6B5295E184A00461E3D /* Products */;
			projectDirPath = "";
			projectRoot = "";
			targets = (
				AF98A6B3295E184A00461E3D /* EatIdeasApp */,
			);
		};
/* End PBXProject section */

/* Begin PBXResourcesBuildPhase section */
		AF98A6B2295E184A00461E3D /* Resources */ = {
			isa = PBXResourcesBuildPhase;
			buildActionMask = 2147483647;
			files = (
				AF98A6C7295E184C00461E3D /* LaunchScreen.storyboard in Resources */,
				AF98A6C4295E184C00461E3D /* Assets.xcassets in Resources */,
				AF98A6BF295E184A00461E3D /* Main.storyboard in Resources */,
				AFDD2E2E29B343D900E3DF23 /* TestTableViewCell.xib in Resources */,
				AF836FA529ABC184000AA306 /* chrup 2.wav in Resources */,
				AF836FA629ABC184000AA306 /* chrup 1.wav in Resources */,
			);
			runOnlyForDeploymentPostprocessing = 0;
		};
/* End PBXResourcesBuildPhase section */

/* Begin PBXShellScriptBuildPhase section */
		F487D90335E55EB239F6C5DD /* [CP] Embed Pods Frameworks */ = {
			isa = PBXShellScriptBuildPhase;
			buildActionMask = 2147483647;
			files = (
			);
			inputFileListPaths = (
				"${PODS_ROOT}/Target Support Files/Pods-EatIdeasApp/Pods-EatIdeasApp-frameworks-${CONFIGURATION}-input-files.xcfilelist",
			);
			name = "[CP] Embed Pods Frameworks";
			outputFileListPaths = (
				"${PODS_ROOT}/Target Support Files/Pods-EatIdeasApp/Pods-EatIdeasApp-frameworks-${CONFIGURATION}-output-files.xcfilelist",
			);
			runOnlyForDeploymentPostprocessing = 0;
			shellPath = /bin/sh;
			shellScript = "\"${PODS_ROOT}/Target Support Files/Pods-EatIdeasApp/Pods-EatIdeasApp-frameworks.sh\"\n";
			showEnvVarsInLog = 0;
		};
		F812649C98EF0BF7A56B2D0B /* [CP] Check Pods Manifest.lock */ = {
			isa = PBXShellScriptBuildPhase;
			buildActionMask = 2147483647;
			files = (
			);
			inputFileListPaths = (
			);
			inputPaths = (
				"${PODS_PODFILE_DIR_PATH}/Podfile.lock",
				"${PODS_ROOT}/Manifest.lock",
			);
			name = "[CP] Check Pods Manifest.lock";
			outputFileListPaths = (
			);
			outputPaths = (
				"$(DERIVED_FILE_DIR)/Pods-EatIdeasApp-checkManifestLockResult.txt",
			);
			runOnlyForDeploymentPostprocessing = 0;
			shellPath = /bin/sh;
			shellScript = "diff \"${PODS_PODFILE_DIR_PATH}/Podfile.lock\" \"${PODS_ROOT}/Manifest.lock\" > /dev/null\nif [ $? != 0 ] ; then\n    # print error to STDERR\n    echo \"error: The sandbox is not in sync with the Podfile.lock. Run 'pod install' or update your CocoaPods installation.\" >&2\n    exit 1\nfi\n# This output is used by Xcode 'outputs' to avoid re-running this script phase.\necho \"SUCCESS\" > \"${SCRIPT_OUTPUT_FILE_0}\"\n";
			showEnvVarsInLog = 0;
		};
/* End PBXShellScriptBuildPhase section */

/* Begin PBXSourcesBuildPhase section */
		AF98A6B0295E184A00461E3D /* Sources */ = {
			isa = PBXSourcesBuildPhase;
			buildActionMask = 2147483647;
			files = (
				AF98A6D42962184500461E3D /* RandomManager.swift in Sources */,
				AF98A6BC295E184A00461E3D /* HomeViewController.swift in Sources */,
				AF98A6D6296221A500461E3D /* RandomModel.swift in Sources */,
				AF98A6D22961FE0E00461E3D /* RandomData.swift in Sources */,
				AFDD2E2D29B343D900E3DF23 /* TestTableViewCell.swift in Sources */,
				AFDD2E3429BD557600E3DF23 /* DetailVC.swift in Sources */,
				AF98A6C2295E184A00461E3D /* EatIdeasApp.xcdatamodeld in Sources */,
				AF22F06D2975EC260097D36D /* DishData.swift in Sources */,
				AF98A6B8295E184A00461E3D /* AppDelegate.swift in Sources */,
				AF22F06F2975EFDD0097D36D /* DIshModel.swift in Sources */,
				AF836FA229ABC114000AA306 /* BottomCardSegue.swift in Sources */,
				AF836FA029ABC0ED000AA306 /* SplashScreenViewController.swift in Sources */,
				AF22F0782983290A0097D36D /* DishRealmModel.swift in Sources */,
				AF98A6BA295E184A00461E3D /* SceneDelegate.swift in Sources */,
				AFD75BA8299591E400DEEEAD /* DishFromIngridientsModel.swift in Sources */,
				AFDD2E3229BD1B6000E3DF23 /* CustomTabBarControllerViewController.swift in Sources */,
				AFCB1D2D29C7AB49003EAAA4 /* RealmIngridients.swift in Sources */,
				AF22F06B2974921D0097D36D /* DetailViewController.swift in Sources */,
				AFD75BA62995918800DEEEAD /* DishFromIngridientsData.swift in Sources */,
				AFEAE8C9298C140200C7F311 /* SavedViewController.swift in Sources */,
				AFDD2E3029BD0DA800E3DF23 /* Constants.swift in Sources */,
				AFCA970D29C22ABD00176A63 /* DatabaseManager.swift in Sources */,
			);
			runOnlyForDeploymentPostprocessing = 0;
		};
/* End PBXSourcesBuildPhase section */

/* Begin PBXVariantGroup section */
		AF98A6BD295E184A00461E3D /* Main.storyboard */ = {
			isa = PBXVariantGroup;
			children = (
				AF98A6BE295E184A00461E3D /* Base */,
			);
			name = Main.storyboard;
			sourceTree = "<group>";
			usesTabs = 0;
		};
		AF98A6C5295E184C00461E3D /* LaunchScreen.storyboard */ = {
			isa = PBXVariantGroup;
			children = (
				AF98A6C6295E184C00461E3D /* Base */,
			);
			name = LaunchScreen.storyboard;
			sourceTree = "<group>";
		};
/* End PBXVariantGroup section */

/* Begin XCBuildConfiguration section */
		AF98A6C9295E184C00461E3D /* Debug */ = {
			isa = XCBuildConfiguration;
			buildSettings = {
				ALWAYS_SEARCH_USER_PATHS = NO;
				CLANG_ANALYZER_NONNULL = YES;
				CLANG_ANALYZER_NUMBER_OBJECT_CONVERSION = YES_AGGRESSIVE;
				CLANG_CXX_LANGUAGE_STANDARD = "gnu++20";
				CLANG_ENABLE_MODULES = YES;
				CLANG_ENABLE_OBJC_ARC = YES;
				CLANG_ENABLE_OBJC_WEAK = YES;
				CLANG_WARN_BLOCK_CAPTURE_AUTORELEASING = YES;
				CLANG_WARN_BOOL_CONVERSION = YES;
				CLANG_WARN_COMMA = YES;
				CLANG_WARN_CONSTANT_CONVERSION = YES;
				CLANG_WARN_DEPRECATED_OBJC_IMPLEMENTATIONS = YES;
				CLANG_WARN_DIRECT_OBJC_ISA_USAGE = YES_ERROR;
				CLANG_WARN_DOCUMENTATION_COMMENTS = YES;
				CLANG_WARN_EMPTY_BODY = YES;
				CLANG_WARN_ENUM_CONVERSION = YES;
				CLANG_WARN_INFINITE_RECURSION = YES;
				CLANG_WARN_INT_CONVERSION = YES;
				CLANG_WARN_NON_LITERAL_NULL_CONVERSION = YES;
				CLANG_WARN_OBJC_IMPLICIT_RETAIN_SELF = YES;
				CLANG_WARN_OBJC_LITERAL_CONVERSION = YES;
				CLANG_WARN_OBJC_ROOT_CLASS = YES_ERROR;
				CLANG_WARN_QUOTED_INCLUDE_IN_FRAMEWORK_HEADER = YES;
				CLANG_WARN_RANGE_LOOP_ANALYSIS = YES;
				CLANG_WARN_STRICT_PROTOTYPES = YES;
				CLANG_WARN_SUSPICIOUS_MOVE = YES;
				CLANG_WARN_UNGUARDED_AVAILABILITY = YES_AGGRESSIVE;
				CLANG_WARN_UNREACHABLE_CODE = YES;
				CLANG_WARN__DUPLICATE_METHOD_MATCH = YES;
				COPY_PHASE_STRIP = NO;
				DEBUG_INFORMATION_FORMAT = dwarf;
				ENABLE_STRICT_OBJC_MSGSEND = YES;
				ENABLE_TESTABILITY = YES;
				GCC_C_LANGUAGE_STANDARD = gnu11;
				GCC_DYNAMIC_NO_PIC = NO;
				GCC_NO_COMMON_BLOCKS = YES;
				GCC_OPTIMIZATION_LEVEL = 0;
				GCC_PREPROCESSOR_DEFINITIONS = (
					"DEBUG=1",
					"$(inherited)",
				);
				GCC_WARN_64_TO_32_BIT_CONVERSION = YES;
				GCC_WARN_ABOUT_RETURN_TYPE = YES_ERROR;
				GCC_WARN_UNDECLARED_SELECTOR = YES;
				GCC_WARN_UNINITIALIZED_AUTOS = YES_AGGRESSIVE;
				GCC_WARN_UNUSED_FUNCTION = YES;
				GCC_WARN_UNUSED_VARIABLE = YES;
				IPHONEOS_DEPLOYMENT_TARGET = 16.1;
				MTL_ENABLE_DEBUG_INFO = INCLUDE_SOURCE;
				MTL_FAST_MATH = YES;
				ONLY_ACTIVE_ARCH = YES;
				SDKROOT = iphoneos;
				SWIFT_ACTIVE_COMPILATION_CONDITIONS = DEBUG;
				SWIFT_OPTIMIZATION_LEVEL = "-Onone";
			};
			name = Debug;
		};
		AF98A6CA295E184C00461E3D /* Release */ = {
			isa = XCBuildConfiguration;
			buildSettings = {
				ALWAYS_SEARCH_USER_PATHS = NO;
				CLANG_ANALYZER_NONNULL = YES;
				CLANG_ANALYZER_NUMBER_OBJECT_CONVERSION = YES_AGGRESSIVE;
				CLANG_CXX_LANGUAGE_STANDARD = "gnu++20";
				CLANG_ENABLE_MODULES = YES;
				CLANG_ENABLE_OBJC_ARC = YES;
				CLANG_ENABLE_OBJC_WEAK = YES;
				CLANG_WARN_BLOCK_CAPTURE_AUTORELEASING = YES;
				CLANG_WARN_BOOL_CONVERSION = YES;
				CLANG_WARN_COMMA = YES;
				CLANG_WARN_CONSTANT_CONVERSION = YES;
				CLANG_WARN_DEPRECATED_OBJC_IMPLEMENTATIONS = YES;
				CLANG_WARN_DIRECT_OBJC_ISA_USAGE = YES_ERROR;
				CLANG_WARN_DOCUMENTATION_COMMENTS = YES;
				CLANG_WARN_EMPTY_BODY = YES;
				CLANG_WARN_ENUM_CONVERSION = YES;
				CLANG_WARN_INFINITE_RECURSION = YES;
				CLANG_WARN_INT_CONVERSION = YES;
				CLANG_WARN_NON_LITERAL_NULL_CONVERSION = YES;
				CLANG_WARN_OBJC_IMPLICIT_RETAIN_SELF = YES;
				CLANG_WARN_OBJC_LITERAL_CONVERSION = YES;
				CLANG_WARN_OBJC_ROOT_CLASS = YES_ERROR;
				CLANG_WARN_QUOTED_INCLUDE_IN_FRAMEWORK_HEADER = YES;
				CLANG_WARN_RANGE_LOOP_ANALYSIS = YES;
				CLANG_WARN_STRICT_PROTOTYPES = YES;
				CLANG_WARN_SUSPICIOUS_MOVE = YES;
				CLANG_WARN_UNGUARDED_AVAILABILITY = YES_AGGRESSIVE;
				CLANG_WARN_UNREACHABLE_CODE = YES;
				CLANG_WARN__DUPLICATE_METHOD_MATCH = YES;
				COPY_PHASE_STRIP = NO;
				DEBUG_INFORMATION_FORMAT = "dwarf-with-dsym";
				ENABLE_NS_ASSERTIONS = NO;
				ENABLE_STRICT_OBJC_MSGSEND = YES;
				GCC_C_LANGUAGE_STANDARD = gnu11;
				GCC_NO_COMMON_BLOCKS = YES;
				GCC_WARN_64_TO_32_BIT_CONVERSION = YES;
				GCC_WARN_ABOUT_RETURN_TYPE = YES_ERROR;
				GCC_WARN_UNDECLARED_SELECTOR = YES;
				GCC_WARN_UNINITIALIZED_AUTOS = YES_AGGRESSIVE;
				GCC_WARN_UNUSED_FUNCTION = YES;
				GCC_WARN_UNUSED_VARIABLE = YES;
				IPHONEOS_DEPLOYMENT_TARGET = 16.1;
				MTL_ENABLE_DEBUG_INFO = NO;
				MTL_FAST_MATH = YES;
				SDKROOT = iphoneos;
				SWIFT_COMPILATION_MODE = wholemodule;
				SWIFT_OPTIMIZATION_LEVEL = "-O";
				VALIDATE_PRODUCT = YES;
			};
			name = Release;
		};
		AF98A6CC295E184C00461E3D /* Debug */ = {
			isa = XCBuildConfiguration;
			baseConfigurationReference = BBE29ACCEF89A965E41C38AF /* Pods-EatIdeasApp.debug.xcconfig */;
			buildSettings = {
				ASSETCATALOG_COMPILER_APPICON_NAME = AppIcon;
				ASSETCATALOG_COMPILER_GLOBAL_ACCENT_COLOR_NAME = AccentColor;
				CODE_SIGN_STYLE = Automatic;
				CURRENT_PROJECT_VERSION = 1;
				DEVELOPMENT_TEAM = UNB5M72KA3;
				GENERATE_INFOPLIST_FILE = YES;
				INFOPLIST_FILE = EatIdeasApp/Info.plist;
				INFOPLIST_KEY_UIApplicationSupportsIndirectInputEvents = YES;
				INFOPLIST_KEY_UILaunchStoryboardName = LaunchScreen;
				INFOPLIST_KEY_UIMainStoryboardFile = Main;
				INFOPLIST_KEY_UISupportedInterfaceOrientations_iPad = "UIInterfaceOrientationPortrait UIInterfaceOrientationPortraitUpsideDown UIInterfaceOrientationLandscapeLeft UIInterfaceOrientationLandscapeRight";
				INFOPLIST_KEY_UISupportedInterfaceOrientations_iPhone = "UIInterfaceOrientationPortrait UIInterfaceOrientationLandscapeLeft UIInterfaceOrientationLandscapeRight";
				LD_RUNPATH_SEARCH_PATHS = (
					"$(inherited)",
					"@executable_path/Frameworks",
				);
				MARKETING_VERSION = 1.0;
				PRODUCT_BUNDLE_IDENTIFIER = com.krystiankonieczko.EatIdeasApp;
				PRODUCT_NAME = "$(TARGET_NAME)";
				SWIFT_EMIT_LOC_STRINGS = YES;
				SWIFT_VERSION = 5.0;
				TARGETED_DEVICE_FAMILY = "1,2";
			};
			name = Debug;
		};
		AF98A6CD295E184C00461E3D /* Release */ = {
			isa = XCBuildConfiguration;
			baseConfigurationReference = ED1A59DFDD7300B78AF46ABE /* Pods-EatIdeasApp.release.xcconfig */;
			buildSettings = {
				ASSETCATALOG_COMPILER_APPICON_NAME = AppIcon;
				ASSETCATALOG_COMPILER_GLOBAL_ACCENT_COLOR_NAME = AccentColor;
				CODE_SIGN_STYLE = Automatic;
				CURRENT_PROJECT_VERSION = 1;
				DEVELOPMENT_TEAM = UNB5M72KA3;
				GENERATE_INFOPLIST_FILE = YES;
				INFOPLIST_FILE = EatIdeasApp/Info.plist;
				INFOPLIST_KEY_UIApplicationSupportsIndirectInputEvents = YES;
				INFOPLIST_KEY_UILaunchStoryboardName = LaunchScreen;
				INFOPLIST_KEY_UIMainStoryboardFile = Main;
				INFOPLIST_KEY_UISupportedInterfaceOrientations_iPad = "UIInterfaceOrientationPortrait UIInterfaceOrientationPortraitUpsideDown UIInterfaceOrientationLandscapeLeft UIInterfaceOrientationLandscapeRight";
				INFOPLIST_KEY_UISupportedInterfaceOrientations_iPhone = "UIInterfaceOrientationPortrait UIInterfaceOrientationLandscapeLeft UIInterfaceOrientationLandscapeRight";
				LD_RUNPATH_SEARCH_PATHS = (
					"$(inherited)",
					"@executable_path/Frameworks",
				);
				MARKETING_VERSION = 1.0;
				PRODUCT_BUNDLE_IDENTIFIER = com.krystiankonieczko.EatIdeasApp;
				PRODUCT_NAME = "$(TARGET_NAME)";
				SWIFT_EMIT_LOC_STRINGS = YES;
				SWIFT_VERSION = 5.0;
				TARGETED_DEVICE_FAMILY = "1,2";
			};
			name = Release;
		};
/* End XCBuildConfiguration section */

/* Begin XCConfigurationList section */
		AF98A6AF295E184A00461E3D /* Build configuration list for PBXProject "EatIdeasApp" */ = {
			isa = XCConfigurationList;
			buildConfigurations = (
				AF98A6C9295E184C00461E3D /* Debug */,
				AF98A6CA295E184C00461E3D /* Release */,
			);
			defaultConfigurationIsVisible = 0;
			defaultConfigurationName = Release;
		};
		AF98A6CB295E184C00461E3D /* Build configuration list for PBXNativeTarget "EatIdeasApp" */ = {
			isa = XCConfigurationList;
			buildConfigurations = (
				AF98A6CC295E184C00461E3D /* Debug */,
				AF98A6CD295E184C00461E3D /* Release */,
			);
			defaultConfigurationIsVisible = 0;
			defaultConfigurationName = Release;
		};
/* End XCConfigurationList section */

/* Begin XCRemoteSwiftPackageReference section */
		AFEAA9E929C8A8DC0027CEC5 /* XCRemoteSwiftPackageReference "realm-swift" */ = {
			isa = XCRemoteSwiftPackageReference;
			repositoryURL = "https://github.com/realm/realm-swift.git";
			requirement = {
				kind = exactVersion;
				version = 10.35.1;
			};
		};
/* End XCRemoteSwiftPackageReference section */

/* Begin XCSwiftPackageProductDependency section */
		AFEAA9EA29C8A8DC0027CEC5 /* Realm */ = {
			isa = XCSwiftPackageProductDependency;
			package = AFEAA9E929C8A8DC0027CEC5 /* XCRemoteSwiftPackageReference "realm-swift" */;
			productName = Realm;
		};
		AFEAA9EC29C8A8DC0027CEC5 /* RealmSwift */ = {
			isa = XCSwiftPackageProductDependency;
			package = AFEAA9E929C8A8DC0027CEC5 /* XCRemoteSwiftPackageReference "realm-swift" */;
			productName = RealmSwift;
		};
/* End XCSwiftPackageProductDependency section */

/* Begin XCVersionGroup section */
		AF98A6C0295E184A00461E3D /* EatIdeasApp.xcdatamodeld */ = {
			isa = XCVersionGroup;
			children = (
				AF98A6C1295E184A00461E3D /* EatIdeasApp.xcdatamodel */,
			);
			currentVersion = AF98A6C1295E184A00461E3D /* EatIdeasApp.xcdatamodel */;
			path = EatIdeasApp.xcdatamodeld;
			sourceTree = "<group>";
			versionGroupType = wrapper.xcdatamodel;
		};
/* End XCVersionGroup section */
	};
	rootObject = AF98A6AC295E184A00461E3D /* Project object */;
}
